
Microsoft Visual Studio Solution File, Format Version 12.00
# Visual Studio Version 17
VisualStudioVersion = 17.12.35707.178 d17.12
MinimumVisualStudioVersion = 10.0.40219.1
Project("{FAE04EC0-301F-11D3-BF4B-00C04F79EFBC}") = "BookStore", "BookStore\BookStore.csproj", "{74646114-5F84-4D96-88E4-5D8EAB59D7A5}"
EndProject
Project("{FAE04EC0-301F-11D3-BF4B-00C04F79EFBC}") = "BookStoreTest", "BookStoreTest\BookStoreTest.csproj", "{2D9AB332-E438-4511-B008-67D9CDAAD9F4}"
EndProject
Project("{FAE04EC0-301F-11D3-BF4B-00C04F79EFBC}") = "BookStoreConsole", "BookStoreConsole\BookStoreConsole.csproj", "{72A95682-60C8-4342-8772-520FB74194A9}"
EndProject
Global
	GlobalSection(SolutionConfigurationPlatforms) = preSolution
		Debug|Any CPU = Debug|Any CPU
		Release|Any CPU = Release|Any CPU
	EndGlobalSection
	GlobalSection(ProjectConfigurationPlatforms) = postSolution
		{74646114-5F84-4D96-88E4-5D8EAB59D7A5}.Debug|Any CPU.ActiveCfg = Debug|Any CPU
		{74646114-5F84-4D96-88E4-5D8EAB59D7A5}.Debug|Any CPU.Build.0 = Debug|Any CPU
		{74646114-5F84-4D96-88E4-5D8EAB59D7A5}.Release|Any CPU.ActiveCfg = Release|Any CPU
		{74646114-5F84-4D96-88E4-5D8EAB59D7A5}.Release|Any CPU.Build.0 = Release|Any CPU
		{2D9AB332-E438-4511-B008-67D9CDAAD9F4}.Debug|Any CPU.ActiveCfg = Debug|Any CPU
		{2D9AB332-E438-4511-B008-67D9CDAAD9F4}.Debug|Any CPU.Build.0 = Debug|Any CPU
		{2D9AB332-E438-4511-B008-67D9CDAAD9F4}.Release|Any CPU.ActiveCfg = Release|Any CPU
		{2D9AB332-E438-4511-B008-67D9CDAAD9F4}.Release|Any CPU.Build.0 = Release|Any CPU
		{72A95682-60C8-4342-8772-520FB74194A9}.Debug|Any CPU.ActiveCfg = Debug|Any CPU
		{72A95682-60C8-4342-8772-520FB74194A9}.Debug|Any CPU.Build.0 = Debug|Any CPU
		{72A95682-60C8-4342-8772-520FB74194A9}.Release|Any CPU.ActiveCfg = Release|Any CPU
		{72A95682-60C8-4342-8772-520FB74194A9}.Release|Any CPU.Build.0 = Release|Any CPU
	EndGlobalSection
	GlobalSection(SolutionProperties) = preSolution
		HideSolutionNode = FALSE
	EndGlobalSection
EndGlobal
